{
  "requires": true,
  "lockfileVersion": 1,
  "dependencies": {
    "@types/geojson": {
      "version": "7946.0.10",
      "resolved": "https://registry.npmjs.org/@types/geojson/-/geojson-7946.0.10.tgz",
      "integrity": "sha512-Nmh0K3iWQJzniTuPRcJn5hxXkfB1T1pgB89SBig5PlJQU5yocazeu4jATJlaA0GYFKWMqDdvYemoSnF2pXgLVA=="
    },
    "@types/mapbox-gl": {
      "version": "2.7.10",
      "resolved": "https://registry.npmjs.org/@types/mapbox-gl/-/mapbox-gl-2.7.10.tgz",
      "integrity": "sha512-nMVEcu9bAcenvx6oPWubQSPevsekByjOfKjlkr+8P91vawtkxTnopDoXXq1Qn/f4cg3zt0Z2W9DVsVsKRNXJTw==",
      "requires": {
        "@types/geojson": "*"
      }
    },
    "react-map-gl": {
      "version": "7.0.20",
      "resolved": "https://registry.npmjs.org/react-map-gl/-/react-map-gl-7.0.20.tgz",
      "integrity": "sha512-Q1formrWEdt9vY5DyW2vgdmAPuSMH2TFn8xKMlA+cmBlyS8veQvVTGoq4lAm8p3Hb/90ZpNmMtI4s107r931vQ==",
      "requires": {
        "@types/mapbox-gl": "^2.6.0"
      }
    }
  }
}
